
Microsoft Visual Studio Solution File, Format Version 12.00
# Visual Studio Version 17
VisualStudioVersion = 17.0.31903.59
MinimumVisualStudioVersion = 10.0.40219.1
Project("{FAE04EC0-301F-11D3-BF4B-00C04F79EFBC}") = "Gendarme.Analyzers", "Gendarme.Analyzers\Gendarme.Analyzers.csproj", "{9D42FCA1-5DC1-4256-A707-68240692DD2B}"
EndProject
Project("{FAE04EC0-301F-11D3-BF4B-00C04F79EFBC}") = "Gendarme.Analyzers.Tests", "Gendarme.Analyzers.Tests\Gendarme.Analyzers.Tests.csproj", "{419032BB-B4EB-42C5-AE6A-4151A5C6C716}"
EndProject
Project("{2150E333-8FDC-42A3-9474-1A3956D46DE8}") = "SolutionItems", "SolutionItems", "{73B96924-44A5-47CA-8ECD-5267B9B52F3D}"
	ProjectSection(SolutionItems) = preProject
		Analyzers.props = Analyzers.props
		TestAnalyzers.props = TestAnalyzers.props
		Readme.md = Readme.md
		.gitignore = .gitignore
		LICENSE = LICENSE
	EndProjectSection
EndProject
Global
	GlobalSection(SolutionConfigurationPlatforms) = preSolution
		Debug|Any CPU = Debug|Any CPU
		Release|Any CPU = Release|Any CPU
	EndGlobalSection
	GlobalSection(SolutionProperties) = preSolution
		HideSolutionNode = FALSE
	EndGlobalSection
	GlobalSection(ProjectConfigurationPlatforms) = postSolution
		{9D42FCA1-5DC1-4256-A707-68240692DD2B}.Debug|Any CPU.ActiveCfg = Debug|Any CPU
		{9D42FCA1-5DC1-4256-A707-68240692DD2B}.Debug|Any CPU.Build.0 = Debug|Any CPU
		{9D42FCA1-5DC1-4256-A707-68240692DD2B}.Release|Any CPU.ActiveCfg = Release|Any CPU
		{9D42FCA1-5DC1-4256-A707-68240692DD2B}.Release|Any CPU.Build.0 = Release|Any CPU
		{419032BB-B4EB-42C5-AE6A-4151A5C6C716}.Debug|Any CPU.ActiveCfg = Debug|Any CPU
		{419032BB-B4EB-42C5-AE6A-4151A5C6C716}.Debug|Any CPU.Build.0 = Debug|Any CPU
		{419032BB-B4EB-42C5-AE6A-4151A5C6C716}.Release|Any CPU.ActiveCfg = Release|Any CPU
		{419032BB-B4EB-42C5-AE6A-4151A5C6C716}.Release|Any CPU.Build.0 = Release|Any CPU
	EndGlobalSection
EndGlobal
